github.com/hugo-fixit/FixIt v0.4.0-alpha h1:K8EdV5j+ZTLaSivEBaomJBa1xvQN5o8TGbNno+AxWKo=
github.com/hugo-fixit/FixIt v0.4.0-alpha/go.mod h1:3XIRedrqakO7/a4ZnhE46haMRF8HgsT0N0B5j5D2iRU=
github.com/hugo-fixit/cmpt-flyfish v1.1.0 h1:HhI8B/63TdzPJtgWBy0gSE+5Y2VL83VaOU3rqVGGs9g=
github.com/hugo-fixit/cmpt-flyfish v1.1.0/go.mod h1:59rRcovSQTuEwS7NzJNdHc3eRGXqxpELxHj2gCoXXSo=
