github.com/hugo-fixit/FixIt v0.4.5 h1:0nO/A/9b2Xbn7rqPn8lr1UtEv2NuzmXi684wm27y2gk=
github.com/hugo-fixit/FixIt v0.4.5/go.mod h1:3XIRedrqakO7/a4ZnhE46haMRF8HgsT0N0B5j5D2iRU=
github.com/hugo-fixit/cmpt-flyfish v1.1.0 h1:HhI8B/63TdzPJtgWBy0gSE+5Y2VL83VaOU3rqVGGs9g=
github.com/hugo-fixit/cmpt-flyfish v1.1.0/go.mod h1:59rRcovSQTuEwS7NzJNdHc3eRGXqxpELxHj2gCoXXSo=
github.com/hugomods/images v0.12.3 h1:FiHZnFgbxn4SpxdY8harOxhYKA8WhAgibJoHhIe9sdU=
github.com/hugomods/images v0.12.3/go.mod h1:U6Gwj16LKvk66rOMyGFrnF6f0aV8lT89lqOsckOAjYY=
